
Microsoft Visual Studio Solution File, Format Version 12.00
# Visual Studio 2012
Project("{2150E333-8FDC-42A3-9474-1A3956D46DE8}") = "Models", "Models", "{22239E9E-2CFB-4860-A1CF-28A80CF15054}"
	ProjectSection(SolutionItems) = preProject
		Web\Areas\Logistics\Models\SummaryFreeAndPhysicalStockModel.cs = Web\Areas\Logistics\Models\SummaryFreeAndPhysicalStockModel.cs
	EndProjectSection
EndProject
Project("{2150E333-8FDC-42A3-9474-1A3956D46DE8}") = "Tests", "Tests", "{EDAB4613-D24D-46C7-8518-D6BBA73C5272}"
EndProject
Project("{2150E333-8FDC-42A3-9474-1A3956D46DE8}") = "Services", "Services", "{9721BDEF-6292-44C0-96B5-4CA68038D70E}"
EndProject
Project("{2150E333-8FDC-42A3-9474-1A3956D46DE8}") = "Data", "Data", "{3AE65677-72B6-4B81-B374-9CC70B68A9BB}"
EndProject
Project("{2150E333-8FDC-42A3-9474-1A3956D46DE8}") = "Migrations", "Migrations", "{0809144E-2611-4126-A5A0-1FB24F7EFC23}"
EndProject
Project("{2150E333-8FDC-42A3-9474-1A3956D46DE8}") = ".nuget", ".nuget", "{CE32461E-5478-4B6E-B80B-0160001FC77E}"
	ProjectSection(SolutionItems) = preProject
		.nuget\NuGet.Config = .nuget\NuGet.Config
		.nuget\NuGet.exe = .nuget\NuGet.exe
		.nuget\NuGet.targets = .nuget\NuGet.targets
	EndProjectSection
EndProject
Project("{2150E333-8FDC-42A3-9474-1A3956D46DE8}") = "Database", "Database", "{207CB9FB-6834-4E29-B355-3AC124391D1E}"
EndProject
Project("{2150E333-8FDC-42A3-9474-1A3956D46DE8}") = "Infrastructure", "Infrastructure", "{4CF6331E-8FC5-4ED9-86AB-6AEA571C0272}"
EndProject
Project("{2150E333-8FDC-42A3-9474-1A3956D46DE8}") = "Report", "Report", "{F069A766-0B41-4152-AAC9-EDF3D9C064A4}"
EndProject
Project("{2150E333-8FDC-42A3-9474-1A3956D46DE8}") = "Document Generator", "Document Generator", "{5C3F75A2-1748-4DDE-955E-214166AA17AC}"
EndProject
Project("{FAE04EC0-301F-11D3-BF4B-00C04F79EFBC}") = "Cats.Tests", "Tests\Cats.Tests\Cats.Tests.csproj", "{7711C8B7-E894-4305-AE96-3255A184344C}"
EndProject
Project("{FAE04EC0-301F-11D3-BF4B-00C04F79EFBC}") = "Cats", "Web\Cats.csproj", "{F8991E39-B399-4BAF-8515-F62B28A604BE}"
	ProjectSection(ProjectDependencies) = postProject
		{B0410B11-91E0-40EC-9F16-55FC5E2C4090} = {B0410B11-91E0-40EC-9F16-55FC5E2C4090}
	EndProjectSection
EndProject
Project("{FAE04EC0-301F-11D3-BF4B-00C04F79EFBC}") = "Cats.Services.EarlyWarning", "Services\Cats.Services.EarlyWarning\Cats.Services.EarlyWarning.csproj", "{A08CF415-6299-41AB-9D69-C3CE9B49CCD6}"
EndProject
Project("{FAE04EC0-301F-11D3-BF4B-00C04F79EFBC}") = "Cats.Data.Tests", "Tests\Cats.Data.Tests\Cats.Data.Tests.csproj", "{5F5B36B6-9E48-4235-8B0E-BD1EAE91E667}"
EndProject
Project("{FAE04EC0-301F-11D3-BF4B-00C04F79EFBC}") = "Cats.DatabaseMigrations", "Migrations\Cats.Migration\Cats.DatabaseMigrations.csproj", "{3181270A-8BF3-4640-988E-2AA1DCBE83FF}"
EndProject
Project("{FAE04EC0-301F-11D3-BF4B-00C04F79EFBC}") = "Cats.Services.Procurement", "services\Cats.Services.Procurement\Cats.Services.Procurement.csproj", "{B0410B11-91E0-40EC-9F16-55FC5E2C4090}"
	ProjectSection(ProjectDependencies) = postProject
		{7CF78855-5A90-441F-9ACC-FAFBD1CAD68A} = {7CF78855-5A90-441F-9ACC-FAFBD1CAD68A}
		{ABFB63D2-89FC-45BC-AA4E-5D9B21094B85} = {ABFB63D2-89FC-45BC-AA4E-5D9B21094B85}
	EndProjectSection
EndProject
Project("{FAE04EC0-301F-11D3-BF4B-00C04F79EFBC}") = "Cats.Data", "Data\Cats.Data\Cats.Data.csproj", "{7CF78855-5A90-441F-9ACC-FAFBD1CAD68A}"
EndProject
Project("{FAE04EC0-301F-11D3-BF4B-00C04F79EFBC}") = "Cats.Models", "Models\Cats.Models\Cats.Models.csproj", "{ABFB63D2-89FC-45BC-AA4E-5D9B21094B85}"
EndProject
Project("{FAE04EC0-301F-11D3-BF4B-00C04F79EFBC}") = "Cats.Data.Security", "Data\Cats.Data.Security\Cats.Data.Security.csproj", "{065612EC-B087-492F-ABEE-029598960744}"
EndProject
Project("{FAE04EC0-301F-11D3-BF4B-00C04F79EFBC}") = "Cats.Models.Security", "Models\Cats.Models.Security\Cats.Models.Security.csproj", "{E3C4D9FC-AD84-4E19-A475-6ADBD134AF68}"
EndProject
Project("{FAE04EC0-301F-11D3-BF4B-00C04F79EFBC}") = "Cats.Security.Tests", "Tests\Cats.Security.Tests\Cats.Security.Tests.csproj", "{EE1ED673-65A4-4B58-836A-CC81B79C1846}"
EndProject
Project("{FAE04EC0-301F-11D3-BF4B-00C04F79EFBC}") = "Cats.Services.Security", "Services\Cats.Services.Security\Cats.Services.Security.csproj", "{0E706780-A5B2-488C-A502-49526946DEB5}"
EndProject
Project("{00D1A9C2-B5F0-4AF3-8072-F6C62B433612}") = "Cats.DatabaseSchema", "Migrations\Cats.DatabaseSchema\Cats.DatabaseSchema.sqlproj", "{23584698-1BD3-4C40-AD56-9BC6DEC0FF19}"
EndProject
Project("{FAE04EC0-301F-11D3-BF4B-00C04F79EFBC}") = "Cats.Services.Logistics", "Services\Cats.Services.Logistics\Cats.Services.Logistics.csproj", "{EEF1DDEB-A6E9-493D-975D-C551A73A79B9}"
EndProject
Project("{00D1A9C2-B5F0-4AF3-8072-F6C62B433612}") = "Cats.DatabaseSchema.Security", "Migrations\Cats.DatabaseSchema.Security\Cats.DatabaseSchema.Security.sqlproj", "{6941F350-B85A-4A39-96E4-B0433388A3C1}"
EndProject
Project("{FAE04EC0-301F-11D3-BF4B-00C04F79EFBC}") = "Cats.Services.Common", "Services\Cats.Services.Common\Cats.Services.Common.csproj", "{083D007C-DD3B-42C0-B11C-A7015A909085}"
EndProject
Project("{00D1A9C2-B5F0-4AF3-8072-F6C62B433612}") = "Cats.DatabaseSchema.Localization", "Migrations\Cats.DatabaseSchema.Localization\Cats.DatabaseSchema.Localization.sqlproj", "{B7E6BCE4-9807-450B-873C-73FBC7762D1A}"
EndProject
Project("{FAE04EC0-301F-11D3-BF4B-00C04F79EFBC}") = "Cats.Services.PSNP", "Services\Cats.Services.PSNP\Cats.Services.PSNP.csproj", "{8EDA6B56-C5C9-4744-A356-1AF76AD96159}"
EndProject
Project("{FAE04EC0-301F-11D3-BF4B-00C04F79EFBC}") = "Cats.Services.Transaction", "Services\Cats.Services.Transaction\Cats.Services.Transaction.csproj", "{9B741D92-4B67-4863-BF38-A1ADCAE40870}"
EndProject
Project("{FAE04EC0-301F-11D3-BF4B-00C04F79EFBC}") = "ReportLib", "ReportLib\ReportLib.csproj", "{2DB02A2C-8E7B-4A3C-9A4C-AF7736A66990}"
EndProject
Project("{FAE04EC0-301F-11D3-BF4B-00C04F79EFBC}") = "Cats.Localization", "Infrastructure\Cats.Localization\Cats.Localization.csproj", "{097528F8-CFEF-4A8F-9D6C-D2366AF9583E}"
EndProject
Project("{FAE04EC0-301F-11D3-BF4B-00C04F79EFBC}") = "LanguageHelpers.Localization", "Infrastructure\Helpers.Localization\LanguageHelpers.Localization.csproj", "{29C71652-546B-4362-BF05-A187E781D6BD}"
EndProject
Project("{FAE04EC0-301F-11D3-BF4B-00C04F79EFBC}") = "Cats.Exceptions", "Models\Cats.Exceptions\Cats.Exceptions.csproj", "{9E3489EE-1FD7-458F-8729-63B07A919BE7}"
EndProject
Project("{FAE04EC0-301F-11D3-BF4B-00C04F79EFBC}") = "Cats.Data.Hub", "Data\Cats.Data.Hub\Cats.Data.Hub.csproj", "{B311922A-4002-40B1-AA96-E005B6D436DD}"
EndProject
Project("{FAE04EC0-301F-11D3-BF4B-00C04F79EFBC}") = "Cats.Models.Hub", "Models\Cats.Models.Hub\Cats.Models.Hub.csproj", "{1467C728-3071-4798-997C-61314B26EF2E}"
EndProject
Project("{FAE04EC0-301F-11D3-BF4B-00C04F79EFBC}") = "Cats.Services.Hub", "Services\Cats.Services.Hub\Cats.Services.Hub.csproj", "{9FBA0283-EE84-49F2-8305-F038BBF29658}"
EndProject
Project("{FAE04EC0-301F-11D3-BF4B-00C04F79EFBC}") = "Cats.Web.Hub", "Cats.Web.Hub\Cats.Web.Hub.csproj", "{C0555FD5-D03E-43BB-9827-CA695F665059}"
EndProject
Project("{FAE04EC0-301F-11D3-BF4B-00C04F79EFBC}") = "Cats.Web.Adminstration", "Cats.Web.Adminstration\Cats.Web.Adminstration.csproj", "{7D69AEC0-4CE9-4BFE-BB34-9B92E78DB6E5}"
EndProject
Project("{FAE04EC0-301F-11D3-BF4B-00C04F79EFBC}") = "Cats.Web.Adminstration.Tests", "Tests\Cats.Web.Adminstration.Tests\Cats.Web.Adminstration.Tests.csproj", "{6B42CA40-4BE0-4122-8050-7DF94A5BD40C}"
EndProject
Project("{FAE04EC0-301F-11D3-BF4B-00C04F79EFBC}") = "Cats.Services.Administration", "Services\Cats.Services.Administration\Cats.Services.Administration.csproj", "{2F5BAA46-25C9-4B3B-AAF6-7DF39E9A696A}"
EndProject
Project("{FAE04EC0-301F-11D3-BF4B-00C04F79EFBC}") = "Cats.Documents", "Infrastructure\Cats.Documents\Cats.Documents.csproj", "{48791F08-2497-4328-B7DE-2CBE5A81C836}"
EndProject
Project("{FAE04EC0-301F-11D3-BF4B-00C04F79EFBC}") = "Cats.TemplateServer", "Servers\Cats.TemplateServer\Cats.TemplateServer.csproj", "{9F0F9E25-A596-46A8-9A92-456B549149BC}"
EndProject
Project("{2150E333-8FDC-42A3-9474-1A3956D46DE8}") = "Servers", "Servers", "{7293E6AB-E9C8-415E-9469-5FE65575E7E3}"
EndProject
Project("{2150E333-8FDC-42A3-9474-1A3956D46DE8}") = "Api", "Api", "{20E8AAF7-3C70-4814-8E43-E7A380C225F4}"
EndProject
Project("{FAE04EC0-301F-11D3-BF4B-00C04F79EFBC}") = "SMS", "SMS\SMS.csproj", "{EA461A4E-0F81-4CF5-896F-9D57BEC4EDA8}"
EndProject
Project("{FAE04EC0-301F-11D3-BF4B-00C04F79EFBC}") = "Cats.EasyAccess", "EasyCats\Cats.EasyAccess.csproj", "{C4B246A0-A33F-426E-9AC1-823702069B2B}"
EndProject
Global
	GlobalSection(SolutionConfigurationPlatforms) = preSolution
		Debug|Any CPU = Debug|Any CPU
		Pilot|Any CPU = Pilot|Any CPU
		Release|Any CPU = Release|Any CPU
		UAT|Any CPU = UAT|Any CPU
	EndGlobalSection
	GlobalSection(ProjectConfigurationPlatforms) = postSolution
		{7711C8B7-E894-4305-AE96-3255A184344C}.Debug|Any CPU.ActiveCfg = Debug|Any CPU
		{7711C8B7-E894-4305-AE96-3255A184344C}.Debug|Any CPU.Build.0 = Debug|Any CPU
		{7711C8B7-E894-4305-AE96-3255A184344C}.Pilot|Any CPU.ActiveCfg = Release|Any CPU
		{7711C8B7-E894-4305-AE96-3255A184344C}.Release|Any CPU.ActiveCfg = Release|Any CPU
		{7711C8B7-E894-4305-AE96-3255A184344C}.Release|Any CPU.Build.0 = Release|Any CPU
		{7711C8B7-E894-4305-AE96-3255A184344C}.UAT|Any CPU.ActiveCfg = Release|Any CPU
		{F8991E39-B399-4BAF-8515-F62B28A604BE}.Debug|Any CPU.ActiveCfg = Debug|Any CPU
		{F8991E39-B399-4BAF-8515-F62B28A604BE}.Debug|Any CPU.Build.0 = Debug|Any CPU
		{F8991E39-B399-4BAF-8515-F62B28A604BE}.Pilot|Any CPU.ActiveCfg = Release|Any CPU
		{F8991E39-B399-4BAF-8515-F62B28A604BE}.Release|Any CPU.ActiveCfg = Release|Any CPU
		{F8991E39-B399-4BAF-8515-F62B28A604BE}.Release|Any CPU.Build.0 = Release|Any CPU
		{F8991E39-B399-4BAF-8515-F62B28A604BE}.UAT|Any CPU.ActiveCfg = Release|Any CPU
		{A08CF415-6299-41AB-9D69-C3CE9B49CCD6}.Debug|Any CPU.ActiveCfg = Debug|Any CPU
		{A08CF415-6299-41AB-9D69-C3CE9B49CCD6}.Debug|Any CPU.Build.0 = Debug|Any CPU
		{A08CF415-6299-41AB-9D69-C3CE9B49CCD6}.Pilot|Any CPU.ActiveCfg = Release|Any CPU
		{A08CF415-6299-41AB-9D69-C3CE9B49CCD6}.Release|Any CPU.ActiveCfg = Release|Any CPU
		{A08CF415-6299-41AB-9D69-C3CE9B49CCD6}.Release|Any CPU.Build.0 = Release|Any CPU
		{A08CF415-6299-41AB-9D69-C3CE9B49CCD6}.UAT|Any CPU.ActiveCfg = Release|Any CPU
		{5F5B36B6-9E48-4235-8B0E-BD1EAE91E667}.Debug|Any CPU.ActiveCfg = Debug|Any CPU
		{5F5B36B6-9E48-4235-8B0E-BD1EAE91E667}.Debug|Any CPU.Build.0 = Debug|Any CPU
		{5F5B36B6-9E48-4235-8B0E-BD1EAE91E667}.Pilot|Any CPU.ActiveCfg = Release|Any CPU
		{5F5B36B6-9E48-4235-8B0E-BD1EAE91E667}.Release|Any CPU.ActiveCfg = Release|Any CPU
		{5F5B36B6-9E48-4235-8B0E-BD1EAE91E667}.Release|Any CPU.Build.0 = Release|Any CPU
		{5F5B36B6-9E48-4235-8B0E-BD1EAE91E667}.UAT|Any CPU.ActiveCfg = Release|Any CPU
		{3181270A-8BF3-4640-988E-2AA1DCBE83FF}.Debug|Any CPU.ActiveCfg = Debug|Any CPU
		{3181270A-8BF3-4640-988E-2AA1DCBE83FF}.Pilot|Any CPU.ActiveCfg = Release|Any CPU
		{3181270A-8BF3-4640-988E-2AA1DCBE83FF}.Release|Any CPU.ActiveCfg = Release|Any CPU
		{3181270A-8BF3-4640-988E-2AA1DCBE83FF}.UAT|Any CPU.ActiveCfg = Release|Any CPU
		{B0410B11-91E0-40EC-9F16-55FC5E2C4090}.Debug|Any CPU.ActiveCfg = Debug|Any CPU
		{B0410B11-91E0-40EC-9F16-55FC5E2C4090}.Debug|Any CPU.Build.0 = Debug|Any CPU
		{B0410B11-91E0-40EC-9F16-55FC5E2C4090}.Pilot|Any CPU.ActiveCfg = Release|Any CPU
		{B0410B11-91E0-40EC-9F16-55FC5E2C4090}.Release|Any CPU.ActiveCfg = Release|Any CPU
		{B0410B11-91E0-40EC-9F16-55FC5E2C4090}.Release|Any CPU.Build.0 = Release|Any CPU
		{B0410B11-91E0-40EC-9F16-55FC5E2C4090}.UAT|Any CPU.ActiveCfg = Release|Any CPU
		{7CF78855-5A90-441F-9ACC-FAFBD1CAD68A}.Debug|Any CPU.ActiveCfg = Debug|Any CPU
		{7CF78855-5A90-441F-9ACC-FAFBD1CAD68A}.Debug|Any CPU.Build.0 = Debug|Any CPU
		{7CF78855-5A90-441F-9ACC-FAFBD1CAD68A}.Pilot|Any CPU.ActiveCfg = Release|Any CPU
		{7CF78855-5A90-441F-9ACC-FAFBD1CAD68A}.Release|Any CPU.ActiveCfg = Release|Any CPU
		{7CF78855-5A90-441F-9ACC-FAFBD1CAD68A}.Release|Any CPU.Build.0 = Release|Any CPU
		{7CF78855-5A90-441F-9ACC-FAFBD1CAD68A}.UAT|Any CPU.ActiveCfg = Release|Any CPU
		{ABFB63D2-89FC-45BC-AA4E-5D9B21094B85}.Debug|Any CPU.ActiveCfg = Debug|Any CPU
		{ABFB63D2-89FC-45BC-AA4E-5D9B21094B85}.Debug|Any CPU.Build.0 = Debug|Any CPU
		{ABFB63D2-89FC-45BC-AA4E-5D9B21094B85}.Pilot|Any CPU.ActiveCfg = Release|Any CPU
		{ABFB63D2-89FC-45BC-AA4E-5D9B21094B85}.Release|Any CPU.ActiveCfg = Release|Any CPU
		{ABFB63D2-89FC-45BC-AA4E-5D9B21094B85}.Release|Any CPU.Build.0 = Release|Any CPU
		{ABFB63D2-89FC-45BC-AA4E-5D9B21094B85}.UAT|Any CPU.ActiveCfg = Release|Any CPU
		{065612EC-B087-492F-ABEE-029598960744}.Debug|Any CPU.ActiveCfg = Debug|Any CPU
		{065612EC-B087-492F-ABEE-029598960744}.Debug|Any CPU.Build.0 = Debug|Any CPU
		{065612EC-B087-492F-ABEE-029598960744}.Pilot|Any CPU.ActiveCfg = Release|Any CPU
		{065612EC-B087-492F-ABEE-029598960744}.Release|Any CPU.ActiveCfg = Release|Any CPU
		{065612EC-B087-492F-ABEE-029598960744}.Release|Any CPU.Build.0 = Release|Any CPU
		{065612EC-B087-492F-ABEE-029598960744}.UAT|Any CPU.ActiveCfg = Release|Any CPU
		{E3C4D9FC-AD84-4E19-A475-6ADBD134AF68}.Debug|Any CPU.ActiveCfg = Debug|Any CPU
		{E3C4D9FC-AD84-4E19-A475-6ADBD134AF68}.Debug|Any CPU.Build.0 = Debug|Any CPU
		{E3C4D9FC-AD84-4E19-A475-6ADBD134AF68}.Pilot|Any CPU.ActiveCfg = Release|Any CPU
		{E3C4D9FC-AD84-4E19-A475-6ADBD134AF68}.Release|Any CPU.ActiveCfg = Release|Any CPU
		{E3C4D9FC-AD84-4E19-A475-6ADBD134AF68}.Release|Any CPU.Build.0 = Release|Any CPU
		{E3C4D9FC-AD84-4E19-A475-6ADBD134AF68}.UAT|Any CPU.ActiveCfg = Release|Any CPU
		{EE1ED673-65A4-4B58-836A-CC81B79C1846}.Debug|Any CPU.ActiveCfg = Debug|Any CPU
		{EE1ED673-65A4-4B58-836A-CC81B79C1846}.Debug|Any CPU.Build.0 = Debug|Any CPU
		{EE1ED673-65A4-4B58-836A-CC81B79C1846}.Pilot|Any CPU.ActiveCfg = Release|Any CPU
		{EE1ED673-65A4-4B58-836A-CC81B79C1846}.Release|Any CPU.ActiveCfg = Release|Any CPU
		{EE1ED673-65A4-4B58-836A-CC81B79C1846}.Release|Any CPU.Build.0 = Release|Any CPU
		{EE1ED673-65A4-4B58-836A-CC81B79C1846}.UAT|Any CPU.ActiveCfg = Release|Any CPU
		{0E706780-A5B2-488C-A502-49526946DEB5}.Debug|Any CPU.ActiveCfg = Debug|Any CPU
		{0E706780-A5B2-488C-A502-49526946DEB5}.Debug|Any CPU.Build.0 = Debug|Any CPU
		{0E706780-A5B2-488C-A502-49526946DEB5}.Pilot|Any CPU.ActiveCfg = Release|Any CPU
		{0E706780-A5B2-488C-A502-49526946DEB5}.Release|Any CPU.ActiveCfg = Release|Any CPU
		{0E706780-A5B2-488C-A502-49526946DEB5}.Release|Any CPU.Build.0 = Release|Any CPU
		{0E706780-A5B2-488C-A502-49526946DEB5}.UAT|Any CPU.ActiveCfg = Release|Any CPU
		{23584698-1BD3-4C40-AD56-9BC6DEC0FF19}.Debug|Any CPU.ActiveCfg = Debug|Any CPU
		{23584698-1BD3-4C40-AD56-9BC6DEC0FF19}.Pilot|Any CPU.ActiveCfg = Release|Any CPU
		{23584698-1BD3-4C40-AD56-9BC6DEC0FF19}.Release|Any CPU.ActiveCfg = Release|Any CPU
		{23584698-1BD3-4C40-AD56-9BC6DEC0FF19}.UAT|Any CPU.ActiveCfg = Release|Any CPU
		{EEF1DDEB-A6E9-493D-975D-C551A73A79B9}.Debug|Any CPU.ActiveCfg = Debug|Any CPU
		{EEF1DDEB-A6E9-493D-975D-C551A73A79B9}.Debug|Any CPU.Build.0 = Debug|Any CPU
		{EEF1DDEB-A6E9-493D-975D-C551A73A79B9}.Pilot|Any CPU.ActiveCfg = Release|Any CPU
		{EEF1DDEB-A6E9-493D-975D-C551A73A79B9}.Release|Any CPU.ActiveCfg = Release|Any CPU
		{EEF1DDEB-A6E9-493D-975D-C551A73A79B9}.Release|Any CPU.Build.0 = Release|Any CPU
		{EEF1DDEB-A6E9-493D-975D-C551A73A79B9}.UAT|Any CPU.ActiveCfg = Release|Any CPU
		{6941F350-B85A-4A39-96E4-B0433388A3C1}.Debug|Any CPU.ActiveCfg = Debug|Any CPU
		{6941F350-B85A-4A39-96E4-B0433388A3C1}.Pilot|Any CPU.ActiveCfg = Release|Any CPU
		{6941F350-B85A-4A39-96E4-B0433388A3C1}.Release|Any CPU.ActiveCfg = Release|Any CPU
		{6941F350-B85A-4A39-96E4-B0433388A3C1}.UAT|Any CPU.ActiveCfg = Release|Any CPU
		{083D007C-DD3B-42C0-B11C-A7015A909085}.Debug|Any CPU.ActiveCfg = Debug|Any CPU
		{083D007C-DD3B-42C0-B11C-A7015A909085}.Debug|Any CPU.Build.0 = Debug|Any CPU
		{083D007C-DD3B-42C0-B11C-A7015A909085}.Pilot|Any CPU.ActiveCfg = Release|Any CPU
		{083D007C-DD3B-42C0-B11C-A7015A909085}.Release|Any CPU.ActiveCfg = Release|Any CPU
		{083D007C-DD3B-42C0-B11C-A7015A909085}.Release|Any CPU.Build.0 = Release|Any CPU
		{083D007C-DD3B-42C0-B11C-A7015A909085}.UAT|Any CPU.ActiveCfg = Release|Any CPU
		{B7E6BCE4-9807-450B-873C-73FBC7762D1A}.Debug|Any CPU.ActiveCfg = Debug|Any CPU
		{B7E6BCE4-9807-450B-873C-73FBC7762D1A}.Pilot|Any CPU.ActiveCfg = Release|Any CPU
		{B7E6BCE4-9807-450B-873C-73FBC7762D1A}.Release|Any CPU.ActiveCfg = Release|Any CPU
		{B7E6BCE4-9807-450B-873C-73FBC7762D1A}.UAT|Any CPU.ActiveCfg = Release|Any CPU
		{8EDA6B56-C5C9-4744-A356-1AF76AD96159}.Debug|Any CPU.ActiveCfg = Debug|Any CPU
		{8EDA6B56-C5C9-4744-A356-1AF76AD96159}.Debug|Any CPU.Build.0 = Debug|Any CPU
		{8EDA6B56-C5C9-4744-A356-1AF76AD96159}.Pilot|Any CPU.ActiveCfg = Release|Any CPU
		{8EDA6B56-C5C9-4744-A356-1AF76AD96159}.Release|Any CPU.ActiveCfg = Release|Any CPU
		{8EDA6B56-C5C9-4744-A356-1AF76AD96159}.Release|Any CPU.Build.0 = Release|Any CPU
		{8EDA6B56-C5C9-4744-A356-1AF76AD96159}.UAT|Any CPU.ActiveCfg = Release|Any CPU
		{9B741D92-4B67-4863-BF38-A1ADCAE40870}.Debug|Any CPU.ActiveCfg = Debug|Any CPU
		{9B741D92-4B67-4863-BF38-A1ADCAE40870}.Debug|Any CPU.Build.0 = Debug|Any CPU
		{9B741D92-4B67-4863-BF38-A1ADCAE40870}.Pilot|Any CPU.ActiveCfg = Release|Any CPU
		{9B741D92-4B67-4863-BF38-A1ADCAE40870}.Release|Any CPU.ActiveCfg = Release|Any CPU
		{9B741D92-4B67-4863-BF38-A1ADCAE40870}.Release|Any CPU.Build.0 = Release|Any CPU
		{9B741D92-4B67-4863-BF38-A1ADCAE40870}.UAT|Any CPU.ActiveCfg = Release|Any CPU
		{2DB02A2C-8E7B-4A3C-9A4C-AF7736A66990}.Debug|Any CPU.ActiveCfg = Debug|Any CPU
		{2DB02A2C-8E7B-4A3C-9A4C-AF7736A66990}.Debug|Any CPU.Build.0 = Debug|Any CPU
		{2DB02A2C-8E7B-4A3C-9A4C-AF7736A66990}.Pilot|Any CPU.ActiveCfg = Release|Any CPU
		{2DB02A2C-8E7B-4A3C-9A4C-AF7736A66990}.Pilot|Any CPU.Build.0 = Release|Any CPU
		{2DB02A2C-8E7B-4A3C-9A4C-AF7736A66990}.Release|Any CPU.ActiveCfg = Release|Any CPU
		{2DB02A2C-8E7B-4A3C-9A4C-AF7736A66990}.Release|Any CPU.Build.0 = Release|Any CPU
		{2DB02A2C-8E7B-4A3C-9A4C-AF7736A66990}.UAT|Any CPU.ActiveCfg = Release|Any CPU
		{2DB02A2C-8E7B-4A3C-9A4C-AF7736A66990}.UAT|Any CPU.Build.0 = Release|Any CPU
		{097528F8-CFEF-4A8F-9D6C-D2366AF9583E}.Debug|Any CPU.ActiveCfg = Debug|Any CPU
		{097528F8-CFEF-4A8F-9D6C-D2366AF9583E}.Debug|Any CPU.Build.0 = Debug|Any CPU
		{097528F8-CFEF-4A8F-9D6C-D2366AF9583E}.Pilot|Any CPU.ActiveCfg = PILOT|Any CPU
		{097528F8-CFEF-4A8F-9D6C-D2366AF9583E}.Pilot|Any CPU.Build.0 = PILOT|Any CPU
		{097528F8-CFEF-4A8F-9D6C-D2366AF9583E}.Release|Any CPU.ActiveCfg = Release|Any CPU
		{097528F8-CFEF-4A8F-9D6C-D2366AF9583E}.Release|Any CPU.Build.0 = Release|Any CPU
		{097528F8-CFEF-4A8F-9D6C-D2366AF9583E}.UAT|Any CPU.ActiveCfg = UAT|Any CPU
		{097528F8-CFEF-4A8F-9D6C-D2366AF9583E}.UAT|Any CPU.Build.0 = UAT|Any CPU
		{29C71652-546B-4362-BF05-A187E781D6BD}.Debug|Any CPU.ActiveCfg = Debug|Any CPU
		{29C71652-546B-4362-BF05-A187E781D6BD}.Debug|Any CPU.Build.0 = Debug|Any CPU
		{29C71652-546B-4362-BF05-A187E781D6BD}.Pilot|Any CPU.ActiveCfg = PILOT|Any CPU
		{29C71652-546B-4362-BF05-A187E781D6BD}.Pilot|Any CPU.Build.0 = PILOT|Any CPU
		{29C71652-546B-4362-BF05-A187E781D6BD}.Release|Any CPU.ActiveCfg = Release|Any CPU
		{29C71652-546B-4362-BF05-A187E781D6BD}.Release|Any CPU.Build.0 = Release|Any CPU
		{29C71652-546B-4362-BF05-A187E781D6BD}.UAT|Any CPU.ActiveCfg = UAT|Any CPU
		{29C71652-546B-4362-BF05-A187E781D6BD}.UAT|Any CPU.Build.0 = UAT|Any CPU
		{9E3489EE-1FD7-458F-8729-63B07A919BE7}.Debug|Any CPU.ActiveCfg = Debug|Any CPU
		{9E3489EE-1FD7-458F-8729-63B07A919BE7}.Debug|Any CPU.Build.0 = Debug|Any CPU
		{9E3489EE-1FD7-458F-8729-63B07A919BE7}.Pilot|Any CPU.ActiveCfg = Release|Any CPU
		{9E3489EE-1FD7-458F-8729-63B07A919BE7}.Pilot|Any CPU.Build.0 = Release|Any CPU
		{9E3489EE-1FD7-458F-8729-63B07A919BE7}.Release|Any CPU.ActiveCfg = Release|Any CPU
		{9E3489EE-1FD7-458F-8729-63B07A919BE7}.Release|Any CPU.Build.0 = Release|Any CPU
		{9E3489EE-1FD7-458F-8729-63B07A919BE7}.UAT|Any CPU.ActiveCfg = Release|Any CPU
		{9E3489EE-1FD7-458F-8729-63B07A919BE7}.UAT|Any CPU.Build.0 = Release|Any CPU
		{B311922A-4002-40B1-AA96-E005B6D436DD}.Debug|Any CPU.ActiveCfg = Debug|Any CPU
		{B311922A-4002-40B1-AA96-E005B6D436DD}.Debug|Any CPU.Build.0 = Debug|Any CPU
		{B311922A-4002-40B1-AA96-E005B6D436DD}.Pilot|Any CPU.ActiveCfg = Release|Any CPU
		{B311922A-4002-40B1-AA96-E005B6D436DD}.Pilot|Any CPU.Build.0 = Release|Any CPU
		{B311922A-4002-40B1-AA96-E005B6D436DD}.Release|Any CPU.ActiveCfg = Release|Any CPU
		{B311922A-4002-40B1-AA96-E005B6D436DD}.Release|Any CPU.Build.0 = Release|Any CPU
		{B311922A-4002-40B1-AA96-E005B6D436DD}.UAT|Any CPU.ActiveCfg = Release|Any CPU
		{B311922A-4002-40B1-AA96-E005B6D436DD}.UAT|Any CPU.Build.0 = Release|Any CPU
		{1467C728-3071-4798-997C-61314B26EF2E}.Debug|Any CPU.ActiveCfg = Debug|Any CPU
		{1467C728-3071-4798-997C-61314B26EF2E}.Debug|Any CPU.Build.0 = Debug|Any CPU
		{1467C728-3071-4798-997C-61314B26EF2E}.Pilot|Any CPU.ActiveCfg = Release|Any CPU
		{1467C728-3071-4798-997C-61314B26EF2E}.Pilot|Any CPU.Build.0 = Release|Any CPU
		{1467C728-3071-4798-997C-61314B26EF2E}.Release|Any CPU.ActiveCfg = Release|Any CPU
		{1467C728-3071-4798-997C-61314B26EF2E}.Release|Any CPU.Build.0 = Release|Any CPU
		{1467C728-3071-4798-997C-61314B26EF2E}.UAT|Any CPU.ActiveCfg = Release|Any CPU
		{1467C728-3071-4798-997C-61314B26EF2E}.UAT|Any CPU.Build.0 = Release|Any CPU
		{9FBA0283-EE84-49F2-8305-F038BBF29658}.Debug|Any CPU.ActiveCfg = Debug|Any CPU
		{9FBA0283-EE84-49F2-8305-F038BBF29658}.Debug|Any CPU.Build.0 = Debug|Any CPU
		{9FBA0283-EE84-49F2-8305-F038BBF29658}.Pilot|Any CPU.ActiveCfg = Release|Any CPU
		{9FBA0283-EE84-49F2-8305-F038BBF29658}.Pilot|Any CPU.Build.0 = Release|Any CPU
		{9FBA0283-EE84-49F2-8305-F038BBF29658}.Release|Any CPU.ActiveCfg = Release|Any CPU
		{9FBA0283-EE84-49F2-8305-F038BBF29658}.Release|Any CPU.Build.0 = Release|Any CPU
		{9FBA0283-EE84-49F2-8305-F038BBF29658}.UAT|Any CPU.ActiveCfg = Release|Any CPU
		{9FBA0283-EE84-49F2-8305-F038BBF29658}.UAT|Any CPU.Build.0 = Release|Any CPU
		{C0555FD5-D03E-43BB-9827-CA695F665059}.Debug|Any CPU.ActiveCfg = Debug|Any CPU
		{C0555FD5-D03E-43BB-9827-CA695F665059}.Debug|Any CPU.Build.0 = Debug|Any CPU
		{C0555FD5-D03E-43BB-9827-CA695F665059}.Pilot|Any CPU.ActiveCfg = Release|Any CPU
		{C0555FD5-D03E-43BB-9827-CA695F665059}.Pilot|Any CPU.Build.0 = Release|Any CPU
		{C0555FD5-D03E-43BB-9827-CA695F665059}.Release|Any CPU.ActiveCfg = Release|Any CPU
		{C0555FD5-D03E-43BB-9827-CA695F665059}.Release|Any CPU.Build.0 = Release|Any CPU
		{C0555FD5-D03E-43BB-9827-CA695F665059}.UAT|Any CPU.ActiveCfg = Release|Any CPU
		{C0555FD5-D03E-43BB-9827-CA695F665059}.UAT|Any CPU.Build.0 = Release|Any CPU
		{7D69AEC0-4CE9-4BFE-BB34-9B92E78DB6E5}.Debug|Any CPU.ActiveCfg = Debug|Any CPU
		{7D69AEC0-4CE9-4BFE-BB34-9B92E78DB6E5}.Debug|Any CPU.Build.0 = Debug|Any CPU
		{7D69AEC0-4CE9-4BFE-BB34-9B92E78DB6E5}.Pilot|Any CPU.ActiveCfg = Release|Any CPU
		{7D69AEC0-4CE9-4BFE-BB34-9B92E78DB6E5}.Pilot|Any CPU.Build.0 = Release|Any CPU
		{7D69AEC0-4CE9-4BFE-BB34-9B92E78DB6E5}.Release|Any CPU.ActiveCfg = Release|Any CPU
		{7D69AEC0-4CE9-4BFE-BB34-9B92E78DB6E5}.Release|Any CPU.Build.0 = Release|Any CPU
		{7D69AEC0-4CE9-4BFE-BB34-9B92E78DB6E5}.UAT|Any CPU.ActiveCfg = Release|Any CPU
		{7D69AEC0-4CE9-4BFE-BB34-9B92E78DB6E5}.UAT|Any CPU.Build.0 = Release|Any CPU
		{6B42CA40-4BE0-4122-8050-7DF94A5BD40C}.Debug|Any CPU.ActiveCfg = Debug|Any CPU
		{6B42CA40-4BE0-4122-8050-7DF94A5BD40C}.Debug|Any CPU.Build.0 = Debug|Any CPU
		{6B42CA40-4BE0-4122-8050-7DF94A5BD40C}.Pilot|Any CPU.ActiveCfg = Release|Any CPU
		{6B42CA40-4BE0-4122-8050-7DF94A5BD40C}.Pilot|Any CPU.Build.0 = Release|Any CPU
		{6B42CA40-4BE0-4122-8050-7DF94A5BD40C}.Release|Any CPU.ActiveCfg = Release|Any CPU
		{6B42CA40-4BE0-4122-8050-7DF94A5BD40C}.Release|Any CPU.Build.0 = Release|Any CPU
		{6B42CA40-4BE0-4122-8050-7DF94A5BD40C}.UAT|Any CPU.ActiveCfg = Release|Any CPU
		{6B42CA40-4BE0-4122-8050-7DF94A5BD40C}.UAT|Any CPU.Build.0 = Release|Any CPU
		{2F5BAA46-25C9-4B3B-AAF6-7DF39E9A696A}.Debug|Any CPU.ActiveCfg = Debug|Any CPU
		{2F5BAA46-25C9-4B3B-AAF6-7DF39E9A696A}.Debug|Any CPU.Build.0 = Debug|Any CPU
		{2F5BAA46-25C9-4B3B-AAF6-7DF39E9A696A}.Pilot|Any CPU.ActiveCfg = Release|Any CPU
		{2F5BAA46-25C9-4B3B-AAF6-7DF39E9A696A}.Pilot|Any CPU.Build.0 = Release|Any CPU
		{2F5BAA46-25C9-4B3B-AAF6-7DF39E9A696A}.Release|Any CPU.ActiveCfg = Release|Any CPU
		{2F5BAA46-25C9-4B3B-AAF6-7DF39E9A696A}.Release|Any CPU.Build.0 = Release|Any CPU
		{2F5BAA46-25C9-4B3B-AAF6-7DF39E9A696A}.UAT|Any CPU.ActiveCfg = Release|Any CPU
		{2F5BAA46-25C9-4B3B-AAF6-7DF39E9A696A}.UAT|Any CPU.Build.0 = Release|Any CPU
		{48791F08-2497-4328-B7DE-2CBE5A81C836}.Debug|Any CPU.ActiveCfg = Debug|Any CPU
		{48791F08-2497-4328-B7DE-2CBE5A81C836}.Debug|Any CPU.Build.0 = Debug|Any CPU
		{48791F08-2497-4328-B7DE-2CBE5A81C836}.Pilot|Any CPU.ActiveCfg = Release|Any CPU
		{48791F08-2497-4328-B7DE-2CBE5A81C836}.Pilot|Any CPU.Build.0 = Release|Any CPU
		{48791F08-2497-4328-B7DE-2CBE5A81C836}.Release|Any CPU.ActiveCfg = Release|Any CPU
		{48791F08-2497-4328-B7DE-2CBE5A81C836}.Release|Any CPU.Build.0 = Release|Any CPU
		{48791F08-2497-4328-B7DE-2CBE5A81C836}.UAT|Any CPU.ActiveCfg = Release|Any CPU
		{48791F08-2497-4328-B7DE-2CBE5A81C836}.UAT|Any CPU.Build.0 = Release|Any CPU
		{9F0F9E25-A596-46A8-9A92-456B549149BC}.Debug|Any CPU.ActiveCfg = Debug|Any CPU
		{9F0F9E25-A596-46A8-9A92-456B549149BC}.Debug|Any CPU.Build.0 = Debug|Any CPU
		{9F0F9E25-A596-46A8-9A92-456B549149BC}.Pilot|Any CPU.ActiveCfg = Release|Any CPU
		{9F0F9E25-A596-46A8-9A92-456B549149BC}.Pilot|Any CPU.Build.0 = Release|Any CPU
		{9F0F9E25-A596-46A8-9A92-456B549149BC}.Release|Any CPU.ActiveCfg = Release|Any CPU
		{9F0F9E25-A596-46A8-9A92-456B549149BC}.Release|Any CPU.Build.0 = Release|Any CPU
		{9F0F9E25-A596-46A8-9A92-456B549149BC}.UAT|Any CPU.ActiveCfg = Release|Any CPU
		{9F0F9E25-A596-46A8-9A92-456B549149BC}.UAT|Any CPU.Build.0 = Release|Any CPU
		{EA461A4E-0F81-4CF5-896F-9D57BEC4EDA8}.Debug|Any CPU.ActiveCfg = Debug|Any CPU
		{EA461A4E-0F81-4CF5-896F-9D57BEC4EDA8}.Debug|Any CPU.Build.0 = Debug|Any CPU
		{EA461A4E-0F81-4CF5-896F-9D57BEC4EDA8}.Pilot|Any CPU.ActiveCfg = Release|Any CPU
		{EA461A4E-0F81-4CF5-896F-9D57BEC4EDA8}.Pilot|Any CPU.Build.0 = Release|Any CPU
		{EA461A4E-0F81-4CF5-896F-9D57BEC4EDA8}.Release|Any CPU.ActiveCfg = Release|Any CPU
		{EA461A4E-0F81-4CF5-896F-9D57BEC4EDA8}.Release|Any CPU.Build.0 = Release|Any CPU
		{EA461A4E-0F81-4CF5-896F-9D57BEC4EDA8}.UAT|Any CPU.ActiveCfg = Release|Any CPU
		{EA461A4E-0F81-4CF5-896F-9D57BEC4EDA8}.UAT|Any CPU.Build.0 = Release|Any CPU
		{C4B246A0-A33F-426E-9AC1-823702069B2B}.Debug|Any CPU.ActiveCfg = Debug|Any CPU
		{C4B246A0-A33F-426E-9AC1-823702069B2B}.Debug|Any CPU.Build.0 = Debug|Any CPU
		{C4B246A0-A33F-426E-9AC1-823702069B2B}.Pilot|Any CPU.ActiveCfg = Release|Any CPU
		{C4B246A0-A33F-426E-9AC1-823702069B2B}.Pilot|Any CPU.Build.0 = Release|Any CPU
		{C4B246A0-A33F-426E-9AC1-823702069B2B}.Release|Any CPU.ActiveCfg = Release|Any CPU
		{C4B246A0-A33F-426E-9AC1-823702069B2B}.Release|Any CPU.Build.0 = Release|Any CPU
		{C4B246A0-A33F-426E-9AC1-823702069B2B}.UAT|Any CPU.ActiveCfg = Release|Any CPU
		{C4B246A0-A33F-426E-9AC1-823702069B2B}.UAT|Any CPU.Build.0 = Release|Any CPU
	EndGlobalSection
	GlobalSection(SolutionProperties) = preSolution
		HideSolutionNode = FALSE
	EndGlobalSection
	GlobalSection(NestedProjects) = preSolution
		{ABFB63D2-89FC-45BC-AA4E-5D9B21094B85} = {22239E9E-2CFB-4860-A1CF-28A80CF15054}
		{E3C4D9FC-AD84-4E19-A475-6ADBD134AF68} = {22239E9E-2CFB-4860-A1CF-28A80CF15054}
		{9E3489EE-1FD7-458F-8729-63B07A919BE7} = {22239E9E-2CFB-4860-A1CF-28A80CF15054}
		{1467C728-3071-4798-997C-61314B26EF2E} = {22239E9E-2CFB-4860-A1CF-28A80CF15054}
		{7711C8B7-E894-4305-AE96-3255A184344C} = {EDAB4613-D24D-46C7-8518-D6BBA73C5272}
		{5F5B36B6-9E48-4235-8B0E-BD1EAE91E667} = {EDAB4613-D24D-46C7-8518-D6BBA73C5272}
		{EE1ED673-65A4-4B58-836A-CC81B79C1846} = {EDAB4613-D24D-46C7-8518-D6BBA73C5272}
		{6B42CA40-4BE0-4122-8050-7DF94A5BD40C} = {EDAB4613-D24D-46C7-8518-D6BBA73C5272}
		{A08CF415-6299-41AB-9D69-C3CE9B49CCD6} = {9721BDEF-6292-44C0-96B5-4CA68038D70E}
		{B0410B11-91E0-40EC-9F16-55FC5E2C4090} = {9721BDEF-6292-44C0-96B5-4CA68038D70E}
		{0E706780-A5B2-488C-A502-49526946DEB5} = {9721BDEF-6292-44C0-96B5-4CA68038D70E}
		{EEF1DDEB-A6E9-493D-975D-C551A73A79B9} = {9721BDEF-6292-44C0-96B5-4CA68038D70E}
		{083D007C-DD3B-42C0-B11C-A7015A909085} = {9721BDEF-6292-44C0-96B5-4CA68038D70E}
		{8EDA6B56-C5C9-4744-A356-1AF76AD96159} = {9721BDEF-6292-44C0-96B5-4CA68038D70E}
		{9B741D92-4B67-4863-BF38-A1ADCAE40870} = {9721BDEF-6292-44C0-96B5-4CA68038D70E}
		{9FBA0283-EE84-49F2-8305-F038BBF29658} = {9721BDEF-6292-44C0-96B5-4CA68038D70E}
		{2F5BAA46-25C9-4B3B-AAF6-7DF39E9A696A} = {9721BDEF-6292-44C0-96B5-4CA68038D70E}
		{7CF78855-5A90-441F-9ACC-FAFBD1CAD68A} = {3AE65677-72B6-4B81-B374-9CC70B68A9BB}
		{065612EC-B087-492F-ABEE-029598960744} = {3AE65677-72B6-4B81-B374-9CC70B68A9BB}
		{B311922A-4002-40B1-AA96-E005B6D436DD} = {3AE65677-72B6-4B81-B374-9CC70B68A9BB}
		{C4B246A0-A33F-426E-9AC1-823702069B2B} = {3AE65677-72B6-4B81-B374-9CC70B68A9BB}
		{3181270A-8BF3-4640-988E-2AA1DCBE83FF} = {0809144E-2611-4126-A5A0-1FB24F7EFC23}
		{23584698-1BD3-4C40-AD56-9BC6DEC0FF19} = {207CB9FB-6834-4E29-B355-3AC124391D1E}
		{6941F350-B85A-4A39-96E4-B0433388A3C1} = {207CB9FB-6834-4E29-B355-3AC124391D1E}
		{B7E6BCE4-9807-450B-873C-73FBC7762D1A} = {207CB9FB-6834-4E29-B355-3AC124391D1E}
		{097528F8-CFEF-4A8F-9D6C-D2366AF9583E} = {4CF6331E-8FC5-4ED9-86AB-6AEA571C0272}
		{29C71652-546B-4362-BF05-A187E781D6BD} = {4CF6331E-8FC5-4ED9-86AB-6AEA571C0272}
		{2DB02A2C-8E7B-4A3C-9A4C-AF7736A66990} = {F069A766-0B41-4152-AAC9-EDF3D9C064A4}
		{48791F08-2497-4328-B7DE-2CBE5A81C836} = {5C3F75A2-1748-4DDE-955E-214166AA17AC}
		{9F0F9E25-A596-46A8-9A92-456B549149BC} = {7293E6AB-E9C8-415E-9469-5FE65575E7E3}
		{EA461A4E-0F81-4CF5-896F-9D57BEC4EDA8} = {20E8AAF7-3C70-4814-8E43-E7A380C225F4}
	EndGlobalSection
	GlobalSection(Performance) = preSolution
		HasPerformanceSessions = true
	EndGlobalSection
EndGlobal
