
Microsoft Visual Studio Solution File, Format Version 12.00
# Visual Studio 2012
Project("{2150E333-8FDC-42A3-9474-1A3956D46DE8}") = "Models", "Models", "{22239E9E-2CFB-4860-A1CF-28A80CF15054}"
EndProject
Project("{2150E333-8FDC-42A3-9474-1A3956D46DE8}") = "Tests", "Tests", "{EDAB4613-D24D-46C7-8518-D6BBA73C5272}"
EndProject
Project("{2150E333-8FDC-42A3-9474-1A3956D46DE8}") = "Services", "Services", "{9721BDEF-6292-44C0-96B5-4CA68038D70E}"
EndProject
Project("{FAE04EC0-301F-11D3-BF4B-00C04F79EFBC}") = "Cats.Tests", "Tests\Cats.Tests\Cats.Tests.csproj", "{7711C8B7-E894-4305-AE96-3255A184344C}"
EndProject
Project("{2150E333-8FDC-42A3-9474-1A3956D46DE8}") = "Data", "Data", "{3AE65677-72B6-4B81-B374-9CC70B68A9BB}"
EndProject
Project("{FAE04EC0-301F-11D3-BF4B-00C04F79EFBC}") = "Cats", "Web\Cats.csproj", "{F8991E39-B399-4BAF-8515-F62B28A604BE}"
	ProjectSection(ProjectDependencies) = postProject
		{B0410B11-91E0-40EC-9F16-55FC5E2C4090} = {B0410B11-91E0-40EC-9F16-55FC5E2C4090}
	EndProjectSection
EndProject
Project("{FAE04EC0-301F-11D3-BF4B-00C04F79EFBC}") = "Cats.Services.EarlyWarning", "Services\Cats.Services.EarlyWarning\Cats.Services.EarlyWarning.csproj", "{A08CF415-6299-41AB-9D69-C3CE9B49CCD6}"
EndProject
Project("{FAE04EC0-301F-11D3-BF4B-00C04F79EFBC}") = "Cats.Data.Tests", "Tests\Cats.Data.Tests\Cats.Data.Tests.csproj", "{5F5B36B6-9E48-4235-8B0E-BD1EAE91E667}"
EndProject
Project("{2150E333-8FDC-42A3-9474-1A3956D46DE8}") = "Migrations", "Migrations", "{0809144E-2611-4126-A5A0-1FB24F7EFC23}"
EndProject
Project("{FAE04EC0-301F-11D3-BF4B-00C04F79EFBC}") = "Cats.DatabaseMigrations", "Migrations\Cats.Migration\Cats.DatabaseMigrations.csproj", "{3181270A-8BF3-4640-988E-2AA1DCBE83FF}"
EndProject
Project("{2150E333-8FDC-42A3-9474-1A3956D46DE8}") = ".nuget", ".nuget", "{CE32461E-5478-4B6E-B80B-0160001FC77E}"
	ProjectSection(SolutionItems) = preProject
		.nuget\NuGet.Config = .nuget\NuGet.Config
		.nuget\NuGet.exe = .nuget\NuGet.exe
		.nuget\NuGet.targets = .nuget\NuGet.targets
	EndProjectSection
EndProject
Project("{FAE04EC0-301F-11D3-BF4B-00C04F79EFBC}") = "Cats.Services.Procurement", "services\Cats.Services.Procurement\Cats.Services.Procurement.csproj", "{B0410B11-91E0-40EC-9F16-55FC5E2C4090}"
	ProjectSection(ProjectDependencies) = postProject
		{7CF78855-5A90-441F-9ACC-FAFBD1CAD68A} = {7CF78855-5A90-441F-9ACC-FAFBD1CAD68A}
		{ABFB63D2-89FC-45BC-AA4E-5D9B21094B85} = {ABFB63D2-89FC-45BC-AA4E-5D9B21094B85}
	EndProjectSection
EndProject
Project("{FAE04EC0-301F-11D3-BF4B-00C04F79EFBC}") = "Cats.Data", "Data\Cats.Data\Cats.Data.csproj", "{7CF78855-5A90-441F-9ACC-FAFBD1CAD68A}"
EndProject
Project("{FAE04EC0-301F-11D3-BF4B-00C04F79EFBC}") = "Cats.Models", "Models\Cats.Models\Cats.Models.csproj", "{ABFB63D2-89FC-45BC-AA4E-5D9B21094B85}"
EndProject
Project("{FAE04EC0-301F-11D3-BF4B-00C04F79EFBC}") = "Cats.Data.Security", "Data\Cats.Data.Security\Cats.Data.Security.csproj", "{065612EC-B087-492F-ABEE-029598960744}"
EndProject
Project("{FAE04EC0-301F-11D3-BF4B-00C04F79EFBC}") = "Cats.Services.Security", "Services\Cats.Services.Security\Cats.Services.Security.csproj", "{0E706780-A5B2-488C-A502-49526946DEB5}"
EndProject
Project("{FAE04EC0-301F-11D3-BF4B-00C04F79EFBC}") = "Cats.Models.Security", "Models\Cats.Models.Security\Cats.Models.Security.csproj", "{E3C4D9FC-AD84-4E19-A475-6ADBD134AF68}"
EndProject
Project("{FAE04EC0-301F-11D3-BF4B-00C04F79EFBC}") = "Cats.Security.Tests", "Tests\Cats.Security.Tests\Cats.Security.Tests.csproj", "{EE1ED673-65A4-4B58-836A-CC81B79C1846}"
EndProject
Global
	GlobalSection(SolutionConfigurationPlatforms) = preSolution
		Debug|Any CPU = Debug|Any CPU
		Release|Any CPU = Release|Any CPU
	EndGlobalSection
	GlobalSection(ProjectConfigurationPlatforms) = postSolution
		{7711C8B7-E894-4305-AE96-3255A184344C}.Debug|Any CPU.ActiveCfg = Debug|Any CPU
		{7711C8B7-E894-4305-AE96-3255A184344C}.Debug|Any CPU.Build.0 = Debug|Any CPU
		{7711C8B7-E894-4305-AE96-3255A184344C}.Release|Any CPU.ActiveCfg = Release|Any CPU
		{7711C8B7-E894-4305-AE96-3255A184344C}.Release|Any CPU.Build.0 = Release|Any CPU
		{F8991E39-B399-4BAF-8515-F62B28A604BE}.Debug|Any CPU.ActiveCfg = Debug|Any CPU
		{F8991E39-B399-4BAF-8515-F62B28A604BE}.Debug|Any CPU.Build.0 = Debug|Any CPU
		{F8991E39-B399-4BAF-8515-F62B28A604BE}.Release|Any CPU.ActiveCfg = Release|Any CPU
		{F8991E39-B399-4BAF-8515-F62B28A604BE}.Release|Any CPU.Build.0 = Release|Any CPU
		{A08CF415-6299-41AB-9D69-C3CE9B49CCD6}.Debug|Any CPU.ActiveCfg = Debug|Any CPU
		{A08CF415-6299-41AB-9D69-C3CE9B49CCD6}.Debug|Any CPU.Build.0 = Debug|Any CPU
		{A08CF415-6299-41AB-9D69-C3CE9B49CCD6}.Release|Any CPU.ActiveCfg = Release|Any CPU
		{A08CF415-6299-41AB-9D69-C3CE9B49CCD6}.Release|Any CPU.Build.0 = Release|Any CPU
		{5F5B36B6-9E48-4235-8B0E-BD1EAE91E667}.Debug|Any CPU.ActiveCfg = Debug|Any CPU
		{5F5B36B6-9E48-4235-8B0E-BD1EAE91E667}.Debug|Any CPU.Build.0 = Debug|Any CPU
		{5F5B36B6-9E48-4235-8B0E-BD1EAE91E667}.Release|Any CPU.ActiveCfg = Release|Any CPU
		{5F5B36B6-9E48-4235-8B0E-BD1EAE91E667}.Release|Any CPU.Build.0 = Release|Any CPU
		{3181270A-8BF3-4640-988E-2AA1DCBE83FF}.Debug|Any CPU.ActiveCfg = Debug|Any CPU
		{3181270A-8BF3-4640-988E-2AA1DCBE83FF}.Debug|Any CPU.Build.0 = Debug|Any CPU
		{3181270A-8BF3-4640-988E-2AA1DCBE83FF}.Release|Any CPU.ActiveCfg = Release|Any CPU
		{3181270A-8BF3-4640-988E-2AA1DCBE83FF}.Release|Any CPU.Build.0 = Release|Any CPU
		{B0410B11-91E0-40EC-9F16-55FC5E2C4090}.Debug|Any CPU.ActiveCfg = Debug|Any CPU
		{B0410B11-91E0-40EC-9F16-55FC5E2C4090}.Debug|Any CPU.Build.0 = Debug|Any CPU
		{B0410B11-91E0-40EC-9F16-55FC5E2C4090}.Release|Any CPU.ActiveCfg = Release|Any CPU
		{B0410B11-91E0-40EC-9F16-55FC5E2C4090}.Release|Any CPU.Build.0 = Release|Any CPU
		{7CF78855-5A90-441F-9ACC-FAFBD1CAD68A}.Debug|Any CPU.ActiveCfg = Debug|Any CPU
		{7CF78855-5A90-441F-9ACC-FAFBD1CAD68A}.Debug|Any CPU.Build.0 = Debug|Any CPU
		{7CF78855-5A90-441F-9ACC-FAFBD1CAD68A}.Release|Any CPU.ActiveCfg = Release|Any CPU
		{7CF78855-5A90-441F-9ACC-FAFBD1CAD68A}.Release|Any CPU.Build.0 = Release|Any CPU
		{ABFB63D2-89FC-45BC-AA4E-5D9B21094B85}.Debug|Any CPU.ActiveCfg = Debug|Any CPU
		{ABFB63D2-89FC-45BC-AA4E-5D9B21094B85}.Debug|Any CPU.Build.0 = Debug|Any CPU
		{ABFB63D2-89FC-45BC-AA4E-5D9B21094B85}.Release|Any CPU.ActiveCfg = Release|Any CPU
		{ABFB63D2-89FC-45BC-AA4E-5D9B21094B85}.Release|Any CPU.Build.0 = Release|Any CPU
		{065612EC-B087-492F-ABEE-029598960744}.Debug|Any CPU.ActiveCfg = Debug|Any CPU
		{065612EC-B087-492F-ABEE-029598960744}.Debug|Any CPU.Build.0 = Debug|Any CPU
		{065612EC-B087-492F-ABEE-029598960744}.Release|Any CPU.ActiveCfg = Release|Any CPU
		{065612EC-B087-492F-ABEE-029598960744}.Release|Any CPU.Build.0 = Release|Any CPU
		{0E706780-A5B2-488C-A502-49526946DEB5}.Debug|Any CPU.ActiveCfg = Debug|Any CPU
		{0E706780-A5B2-488C-A502-49526946DEB5}.Debug|Any CPU.Build.0 = Debug|Any CPU
		{0E706780-A5B2-488C-A502-49526946DEB5}.Release|Any CPU.ActiveCfg = Release|Any CPU
		{0E706780-A5B2-488C-A502-49526946DEB5}.Release|Any CPU.Build.0 = Release|Any CPU
		{E3C4D9FC-AD84-4E19-A475-6ADBD134AF68}.Debug|Any CPU.ActiveCfg = Debug|Any CPU
		{E3C4D9FC-AD84-4E19-A475-6ADBD134AF68}.Debug|Any CPU.Build.0 = Debug|Any CPU
		{E3C4D9FC-AD84-4E19-A475-6ADBD134AF68}.Release|Any CPU.ActiveCfg = Release|Any CPU
		{E3C4D9FC-AD84-4E19-A475-6ADBD134AF68}.Release|Any CPU.Build.0 = Release|Any CPU
		{EE1ED673-65A4-4B58-836A-CC81B79C1846}.Debug|Any CPU.ActiveCfg = Debug|Any CPU
		{EE1ED673-65A4-4B58-836A-CC81B79C1846}.Debug|Any CPU.Build.0 = Debug|Any CPU
		{EE1ED673-65A4-4B58-836A-CC81B79C1846}.Release|Any CPU.ActiveCfg = Release|Any CPU
		{EE1ED673-65A4-4B58-836A-CC81B79C1846}.Release|Any CPU.Build.0 = Release|Any CPU
	EndGlobalSection
	GlobalSection(SolutionProperties) = preSolution
		HideSolutionNode = FALSE
	EndGlobalSection
	GlobalSection(NestedProjects) = preSolution
		{ABFB63D2-89FC-45BC-AA4E-5D9B21094B85} = {22239E9E-2CFB-4860-A1CF-28A80CF15054}
		{E3C4D9FC-AD84-4E19-A475-6ADBD134AF68} = {22239E9E-2CFB-4860-A1CF-28A80CF15054}
		{7711C8B7-E894-4305-AE96-3255A184344C} = {EDAB4613-D24D-46C7-8518-D6BBA73C5272}
		{5F5B36B6-9E48-4235-8B0E-BD1EAE91E667} = {EDAB4613-D24D-46C7-8518-D6BBA73C5272}
		{EE1ED673-65A4-4B58-836A-CC81B79C1846} = {EDAB4613-D24D-46C7-8518-D6BBA73C5272}
		{A08CF415-6299-41AB-9D69-C3CE9B49CCD6} = {9721BDEF-6292-44C0-96B5-4CA68038D70E}
		{B0410B11-91E0-40EC-9F16-55FC5E2C4090} = {9721BDEF-6292-44C0-96B5-4CA68038D70E}
		{0E706780-A5B2-488C-A502-49526946DEB5} = {9721BDEF-6292-44C0-96B5-4CA68038D70E}
		{7CF78855-5A90-441F-9ACC-FAFBD1CAD68A} = {3AE65677-72B6-4B81-B374-9CC70B68A9BB}
		{065612EC-B087-492F-ABEE-029598960744} = {3AE65677-72B6-4B81-B374-9CC70B68A9BB}
		{3181270A-8BF3-4640-988E-2AA1DCBE83FF} = {0809144E-2611-4126-A5A0-1FB24F7EFC23}
	EndGlobalSection
EndGlobal
